// !$*UTF8*$!
{
	archiveVersion = 1;
	classes = {
	};
	objectVersion = 55;
	objects = {

/* Begin PBXBuildFile section */
		3E50F6B027DCFD4F00091B35 /* SearchResultViewController.swift in Sources */ = {isa = PBXBuildFile; fileRef = 3E50F6AF27DCFD4F00091B35 /* SearchResultViewController.swift */; };
		3E50F6B427DD0F1E00091B35 /* YouTubeSearchModel.swift in Sources */ = {isa = PBXBuildFile; fileRef = 3E50F6B327DD0F1E00091B35 /* YouTubeSearchModel.swift */; };
		3E50F6B627DD132800091B35 /* TitlePreviewViewController.swift in Sources */ = {isa = PBXBuildFile; fileRef = 3E50F6B527DD132800091B35 /* TitlePreviewViewController.swift */; };
		3E50F6B827DD15D300091B35 /* TitlePreviewModel.swift in Sources */ = {isa = PBXBuildFile; fileRef = 3E50F6B727DD15D300091B35 /* TitlePreviewModel.swift */; };
		3E50F6BA27DD2F8900091B35 /* ApiKeys.swift in Sources */ = {isa = PBXBuildFile; fileRef = 3E50F6B927DD2F8900091B35 /* ApiKeys.swift */; };
		3EF3B1BE27D61F52003B92B0 /* AppDelegate.swift in Sources */ = {isa = PBXBuildFile; fileRef = 3EF3B1BD27D61F52003B92B0 /* AppDelegate.swift */; };
		3EF3B1C027D61F52003B92B0 /* SceneDelegate.swift in Sources */ = {isa = PBXBuildFile; fileRef = 3EF3B1BF27D61F52003B92B0 /* SceneDelegate.swift */; };
		3EF3B1C227D61F52003B92B0 /* MainTabBarViewController.swift in Sources */ = {isa = PBXBuildFile; fileRef = 3EF3B1C127D61F52003B92B0 /* MainTabBarViewController.swift */; };
		3EF3B1C727D61F56003B92B0 /* Assets.xcassets in Resources */ = {isa = PBXBuildFile; fileRef = 3EF3B1C627D61F56003B92B0 /* Assets.xcassets */; };
		3EF3B1CA27D61F56003B92B0 /* LaunchScreen.storyboard in Resources */ = {isa = PBXBuildFile; fileRef = 3EF3B1C827D61F56003B92B0 /* LaunchScreen.storyboard */; };
		3EF3B1D327D621A6003B92B0 /* HomeViewController.swift in Sources */ = {isa = PBXBuildFile; fileRef = 3EF3B1D227D621A6003B92B0 /* HomeViewController.swift */; };
		3EF3B1D527D621DA003B92B0 /* UpcomingViewController.swift in Sources */ = {isa = PBXBuildFile; fileRef = 3EF3B1D427D621DA003B92B0 /* UpcomingViewController.swift */; };
		3EF3B1D727D621FF003B92B0 /* SearchViewController.swift in Sources */ = {isa = PBXBuildFile; fileRef = 3EF3B1D627D621FF003B92B0 /* SearchViewController.swift */; };
		3EF3B1D927D6221A003B92B0 /* DownloadViewController.swift in Sources */ = {isa = PBXBuildFile; fileRef = 3EF3B1D827D6221A003B92B0 /* DownloadViewController.swift */; };
		3EF3B1DC27D62908003B92B0 /* SPSafeSymbols in Frameworks */ = {isa = PBXBuildFile; productRef = 3EF3B1DB27D62908003B92B0 /* SPSafeSymbols */; };
		3EF3B1DF27D62B38003B92B0 /* UIViewController.swift in Sources */ = {isa = PBXBuildFile; fileRef = 3EF3B1DE27D62B38003B92B0 /* UIViewController.swift */; };
		3EF3B1E627D631A3003B92B0 /* CollectionViewTableViewCell.swift in Sources */ = {isa = PBXBuildFile; fileRef = 3EF3B1E527D631A3003B92B0 /* CollectionViewTableViewCell.swift */; };
		3EF3B1E827D636FA003B92B0 /* HeroHeaderUIView.swift in Sources */ = {isa = PBXBuildFile; fileRef = 3EF3B1E727D636FA003B92B0 /* HeroHeaderUIView.swift */; };
		3EF3B1EA27D63BBD003B92B0 /* HeroHeaderButton.swift in Sources */ = {isa = PBXBuildFile; fileRef = 3EF3B1E927D63BBD003B92B0 /* HeroHeaderButton.swift */; };
		3EF3B1EC27D65A15003B92B0 /* API.swift in Sources */ = {isa = PBXBuildFile; fileRef = 3EF3B1EB27D65A15003B92B0 /* API.swift */; };
		3EF3B1EE27D65CFE003B92B0 /* URL.swift in Sources */ = {isa = PBXBuildFile; fileRef = 3EF3B1ED27D65CFE003B92B0 /* URL.swift */; };
		3EF3B1F027D66105003B92B0 /* Title.swift in Sources */ = {isa = PBXBuildFile; fileRef = 3EF3B1EF27D66105003B92B0 /* Title.swift */; };
		3EF3B1F227D673ED003B92B0 /* TitleCollectionViewCell.swift in Sources */ = {isa = PBXBuildFile; fileRef = 3EF3B1F127D673ED003B92B0 /* TitleCollectionViewCell.swift */; };
		3EF3B1F527D67500003B92B0 /* SDWebImage in Frameworks */ = {isa = PBXBuildFile; productRef = 3EF3B1F427D67500003B92B0 /* SDWebImage */; };
		3EF3B1F727D67500003B92B0 /* SDWebImageMapKit in Frameworks */ = {isa = PBXBuildFile; productRef = 3EF3B1F627D67500003B92B0 /* SDWebImageMapKit */; };
		3EF3B1F927D682CF003B92B0 /* TitleTableViewCell.swift in Sources */ = {isa = PBXBuildFile; fileRef = 3EF3B1F827D682CF003B92B0 /* TitleTableViewCell.swift */; };
		3EF3B1FB27D68508003B92B0 /* TitleViewModel.swift in Sources */ = {isa = PBXBuildFile; fileRef = 3EF3B1FA27D68508003B92B0 /* TitleViewModel.swift */; };
/* End PBXBuildFile section */

/* Begin PBXFileReference section */
		3E50F6AF27DCFD4F00091B35 /* SearchResultViewController.swift */ = {isa = PBXFileReference; lastKnownFileType = sourcecode.swift; path = SearchResultViewController.swift; sourceTree = "<group>"; };
		3E50F6B327DD0F1E00091B35 /* YouTubeSearchModel.swift */ = {isa = PBXFileReference; lastKnownFileType = sourcecode.swift; path = YouTubeSearchModel.swift; sourceTree = "<group>"; };
		3E50F6B527DD132800091B35 /* TitlePreviewViewController.swift */ = {isa = PBXFileReference; lastKnownFileType = sourcecode.swift; path = TitlePreviewViewController.swift; sourceTree = "<group>"; };
		3E50F6B727DD15D300091B35 /* TitlePreviewModel.swift */ = {isa = PBXFileReference; lastKnownFileType = sourcecode.swift; path = TitlePreviewModel.swift; sourceTree = "<group>"; };
		3E50F6B927DD2F8900091B35 /* ApiKeys.swift */ = {isa = PBXFileReference; lastKnownFileType = sourcecode.swift; path = ApiKeys.swift; sourceTree = "<group>"; };
		3EF3B1BA27D61F52003B92B0 /* NetflixApp.app */ = {isa = PBXFileReference; explicitFileType = wrapper.application; includeInIndex = 0; path = NetflixApp.app; sourceTree = BUILT_PRODUCTS_DIR; };
		3EF3B1BD27D61F52003B92B0 /* AppDelegate.swift */ = {isa = PBXFileReference; lastKnownFileType = sourcecode.swift; path = AppDelegate.swift; sourceTree = "<group>"; };
		3EF3B1BF27D61F52003B92B0 /* SceneDelegate.swift */ = {isa = PBXFileReference; lastKnownFileType = sourcecode.swift; path = SceneDelegate.swift; sourceTree = "<group>"; };
		3EF3B1C127D61F52003B92B0 /* MainTabBarViewController.swift */ = {isa = PBXFileReference; lastKnownFileType = sourcecode.swift; path = MainTabBarViewController.swift; sourceTree = "<group>"; };
		3EF3B1C627D61F56003B92B0 /* Assets.xcassets */ = {isa = PBXFileReference; lastKnownFileType = folder.assetcatalog; path = Assets.xcassets; sourceTree = "<group>"; };
		3EF3B1C927D61F56003B92B0 /* Base */ = {isa = PBXFileReference; lastKnownFileType = file.storyboard; name = Base; path = Base.lproj/LaunchScreen.storyboard; sourceTree = "<group>"; };
		3EF3B1CB27D61F56003B92B0 /* Info.plist */ = {isa = PBXFileReference; lastKnownFileType = text.plist.xml; path = Info.plist; sourceTree = "<group>"; };
		3EF3B1D227D621A6003B92B0 /* HomeViewController.swift */ = {isa = PBXFileReference; lastKnownFileType = sourcecode.swift; path = HomeViewController.swift; sourceTree = "<group>"; };
		3EF3B1D427D621DA003B92B0 /* UpcomingViewController.swift */ = {isa = PBXFileReference; lastKnownFileType = sourcecode.swift; path = UpcomingViewController.swift; sourceTree = "<group>"; };
		3EF3B1D627D621FF003B92B0 /* SearchViewController.swift */ = {isa = PBXFileReference; lastKnownFileType = sourcecode.swift; path = SearchViewController.swift; sourceTree = "<group>"; };
		3EF3B1D827D6221A003B92B0 /* DownloadViewController.swift */ = {isa = PBXFileReference; lastKnownFileType = sourcecode.swift; path = DownloadViewController.swift; sourceTree = "<group>"; };
		3EF3B1DE27D62B38003B92B0 /* UIViewController.swift */ = {isa = PBXFileReference; lastKnownFileType = sourcecode.swift; path = UIViewController.swift; sourceTree = "<group>"; };
		3EF3B1E527D631A3003B92B0 /* CollectionViewTableViewCell.swift */ = {isa = PBXFileReference; lastKnownFileType = sourcecode.swift; path = CollectionViewTableViewCell.swift; sourceTree = "<group>"; };
		3EF3B1E727D636FA003B92B0 /* HeroHeaderUIView.swift */ = {isa = PBXFileReference; lastKnownFileType = sourcecode.swift; path = HeroHeaderUIView.swift; sourceTree = "<group>"; };
		3EF3B1E927D63BBD003B92B0 /* HeroHeaderButton.swift */ = {isa = PBXFileReference; lastKnownFileType = sourcecode.swift; path = HeroHeaderButton.swift; sourceTree = "<group>"; };
		3EF3B1EB27D65A15003B92B0 /* API.swift */ = {isa = PBXFileReference; lastKnownFileType = sourcecode.swift; path = API.swift; sourceTree = "<group>"; };
		3EF3B1ED27D65CFE003B92B0 /* URL.swift */ = {isa = PBXFileReference; lastKnownFileType = sourcecode.swift; path = URL.swift; sourceTree = "<group>"; };
		3EF3B1EF27D66105003B92B0 /* Title.swift */ = {isa = PBXFileReference; lastKnownFileType = sourcecode.swift; path = Title.swift; sourceTree = "<group>"; };
		3EF3B1F127D673ED003B92B0 /* TitleCollectionViewCell.swift */ = {isa = PBXFileReference; lastKnownFileType = sourcecode.swift; path = TitleCollectionViewCell.swift; sourceTree = "<group>"; };
		3EF3B1F827D682CF003B92B0 /* TitleTableViewCell.swift */ = {isa = PBXFileReference; lastKnownFileType = sourcecode.swift; path = TitleTableViewCell.swift; sourceTree = "<group>"; };
		3EF3B1FA27D68508003B92B0 /* TitleViewModel.swift */ = {isa = PBXFileReference; lastKnownFileType = sourcecode.swift; path = TitleViewModel.swift; sourceTree = "<group>"; };
/* End PBXFileReference section */

/* Begin PBXFrameworksBuildPhase section */
		3EF3B1B727D61F52003B92B0 /* Frameworks */ = {
			isa = PBXFrameworksBuildPhase;
			buildActionMask = 2147483647;
			files = (
				3EF3B1F527D67500003B92B0 /* SDWebImage in Frameworks */,
				3EF3B1F727D67500003B92B0 /* SDWebImageMapKit in Frameworks */,
				3EF3B1DC27D62908003B92B0 /* SPSafeSymbols in Frameworks */,
			);
			runOnlyForDeploymentPostprocessing = 0;
		};
/* End PBXFrameworksBuildPhase section */

/* Begin PBXGroup section */
		3E50F6B127DCFD7500091B35 /* Core */ = {
			isa = PBXGroup;
			children = (
				3EF3B1D227D621A6003B92B0 /* HomeViewController.swift */,
				3EF3B1D427D621DA003B92B0 /* UpcomingViewController.swift */,
				3EF3B1D627D621FF003B92B0 /* SearchViewController.swift */,
				3EF3B1D827D6221A003B92B0 /* DownloadViewController.swift */,
			);
			path = Core;
			sourceTree = "<group>";
		};
		3E50F6B227DCFD9600091B35 /* General */ = {
			isa = PBXGroup;
			children = (
				3E50F6AF27DCFD4F00091B35 /* SearchResultViewController.swift */,
				3E50F6B527DD132800091B35 /* TitlePreviewViewController.swift */,
			);
			path = General;
			sourceTree = "<group>";
		};
		3EF3B1B127D61F52003B92B0 = {
			isa = PBXGroup;
			children = (
				3EF3B1BC27D61F52003B92B0 /* NetflixApp */,
				3EF3B1BB27D61F52003B92B0 /* Products */,
			);
			sourceTree = "<group>";
		};
		3EF3B1BB27D61F52003B92B0 /* Products */ = {
			isa = PBXGroup;
			children = (
				3EF3B1BA27D61F52003B92B0 /* NetflixApp.app */,
			);
			name = Products;
			sourceTree = "<group>";
		};
		3EF3B1BC27D61F52003B92B0 /* NetflixApp */ = {
			isa = PBXGroup;
			children = (
				3EF3B1E427D63160003B92B0 /* Managers */,
				3EF3B1E327D63156003B92B0 /* Resources */,
				3EF3B1E227D6313F003B92B0 /* Models */,
				3EF3B1E027D63131003B92B0 /* Views */,
				3EF3B1E127D63136003B92B0 /* ViewModels */,
				3EF3B1D127D62189003B92B0 /* Controllers */,
				3EF3B1BD27D61F52003B92B0 /* AppDelegate.swift */,
				3EF3B1BF27D61F52003B92B0 /* SceneDelegate.swift */,
				3EF3B1C127D61F52003B92B0 /* MainTabBarViewController.swift */,
				3EF3B1C627D61F56003B92B0 /* Assets.xcassets */,
				3EF3B1C827D61F56003B92B0 /* LaunchScreen.storyboard */,
				3EF3B1CB27D61F56003B92B0 /* Info.plist */,
			);
			path = NetflixApp;
			sourceTree = "<group>";
		};
		3EF3B1D127D62189003B92B0 /* Controllers */ = {
			isa = PBXGroup;
			children = (
				3E50F6B127DCFD7500091B35 /* Core */,
				3E50F6B227DCFD9600091B35 /* General */,
			);
			path = Controllers;
			sourceTree = "<group>";
		};
		3EF3B1DD27D62AFD003B92B0 /* Extentions */ = {
			isa = PBXGroup;
			children = (
				3EF3B1DE27D62B38003B92B0 /* UIViewController.swift */,
				3EF3B1ED27D65CFE003B92B0 /* URL.swift */,
			);
			path = Extentions;
			sourceTree = "<group>";
		};
		3EF3B1E027D63131003B92B0 /* Views */ = {
			isa = PBXGroup;
			children = (
				3EF3B1E527D631A3003B92B0 /* CollectionViewTableViewCell.swift */,
				3EF3B1E727D636FA003B92B0 /* HeroHeaderUIView.swift */,
				3EF3B1E927D63BBD003B92B0 /* HeroHeaderButton.swift */,
				3EF3B1F127D673ED003B92B0 /* TitleCollectionViewCell.swift */,
				3EF3B1F827D682CF003B92B0 /* TitleTableViewCell.swift */,
			);
			path = Views;
			sourceTree = "<group>";
		};
		3EF3B1E127D63136003B92B0 /* ViewModels */ = {
			isa = PBXGroup;
			children = (
				3EF3B1FA27D68508003B92B0 /* TitleViewModel.swift */,
				3E50F6B727DD15D300091B35 /* TitlePreviewModel.swift */,
			);
			path = ViewModels;
			sourceTree = "<group>";
		};
		3EF3B1E227D6313F003B92B0 /* Models */ = {
			isa = PBXGroup;
			children = (
				3EF3B1EF27D66105003B92B0 /* Title.swift */,
				3E50F6B327DD0F1E00091B35 /* YouTubeSearchModel.swift */,
			);
			path = Models;
			sourceTree = "<group>";
		};
		3EF3B1E327D63156003B92B0 /* Resources */ = {
			isa = PBXGroup;
			children = (
				3EF3B1DD27D62AFD003B92B0 /* Extentions */,
			);
			path = Resources;
			sourceTree = "<group>";
		};
		3EF3B1E427D63160003B92B0 /* Managers */ = {
			isa = PBXGroup;
			children = (
				3EF3B1EB27D65A15003B92B0 /* API.swift */,
				3E50F6B927DD2F8900091B35 /* ApiKeys.swift */,
			);
			path = Managers;
			sourceTree = "<group>";
		};
/* End PBXGroup section */

/* Begin PBXNativeTarget section */
		3EF3B1B927D61F52003B92B0 /* NetflixApp */ = {
			isa = PBXNativeTarget;
			buildConfigurationList = 3EF3B1CE27D61F56003B92B0 /* Build configuration list for PBXNativeTarget "NetflixApp" */;
			buildPhases = (
				3EF3B1B627D61F52003B92B0 /* Sources */,
				3EF3B1B727D61F52003B92B0 /* Frameworks */,
				3EF3B1B827D61F52003B92B0 /* Resources */,
			);
			buildRules = (
			);
			dependencies = (
			);
			name = NetflixApp;
			packageProductDependencies = (
				3EF3B1DB27D62908003B92B0 /* SPSafeSymbols */,
				3EF3B1F427D67500003B92B0 /* SDWebImage */,
				3EF3B1F627D67500003B92B0 /* SDWebImageMapKit */,
			);
			productName = NetflixApp;
			productReference = 3EF3B1BA27D61F52003B92B0 /* NetflixApp.app */;
			productType = "com.apple.product-type.application";
		};
/* End PBXNativeTarget section */

/* Begin PBXProject section */
		3EF3B1B227D61F52003B92B0 /* Project object */ = {
			isa = PBXProject;
			attributes = {
				BuildIndependentTargetsInParallel = 1;
				LastSwiftUpdateCheck = 1320;
				LastUpgradeCheck = 1320;
				TargetAttributes = {
					3EF3B1B927D61F52003B92B0 = {
						CreatedOnToolsVersion = 13.2.1;
					};
				};
			};
			buildConfigurationList = 3EF3B1B527D61F52003B92B0 /* Build configuration list for PBXProject "NetflixApp" */;
			compatibilityVersion = "Xcode 13.0";
			developmentRegion = en;
			hasScannedForEncodings = 0;
			knownRegions = (
				en,
				Base,
			);
			mainGroup = 3EF3B1B127D61F52003B92B0;
			packageReferences = (
				3EF3B1DA27D62908003B92B0 /* XCRemoteSwiftPackageReference "SPSafeSymbols" */,
				3EF3B1F327D67500003B92B0 /* XCRemoteSwiftPackageReference "SDWebImage" */,
			);
			productRefGroup = 3EF3B1BB27D61F52003B92B0 /* Products */;
			projectDirPath = "";
			projectRoot = "";
			targets = (
				3EF3B1B927D61F52003B92B0 /* NetflixApp */,
			);
		};
/* End PBXProject section */

/* Begin PBXResourcesBuildPhase section */
		3EF3B1B827D61F52003B92B0 /* Resources */ = {
			isa = PBXResourcesBuildPhase;
			buildActionMask = 2147483647;
			files = (
				3EF3B1CA27D61F56003B92B0 /* LaunchScreen.storyboard in Resources */,
				3EF3B1C727D61F56003B92B0 /* Assets.xcassets in Resources */,
			);
			runOnlyForDeploymentPostprocessing = 0;
		};
/* End PBXResourcesBuildPhase section */

/* Begin PBXSourcesBuildPhase section */
		3EF3B1B627D61F52003B92B0 /* Sources */ = {
			isa = PBXSourcesBuildPhase;
			buildActionMask = 2147483647;
			files = (
				3EF3B1F027D66105003B92B0 /* Title.swift in Sources */,
				3EF3B1D727D621FF003B92B0 /* SearchViewController.swift in Sources */,
				3E50F6B427DD0F1E00091B35 /* YouTubeSearchModel.swift in Sources */,
				3EF3B1C227D61F52003B92B0 /* MainTabBarViewController.swift in Sources */,
				3EF3B1BE27D61F52003B92B0 /* AppDelegate.swift in Sources */,
				3EF3B1D927D6221A003B92B0 /* DownloadViewController.swift in Sources */,
				3EF3B1C027D61F52003B92B0 /* SceneDelegate.swift in Sources */,
				3EF3B1EE27D65CFE003B92B0 /* URL.swift in Sources */,
				3EF3B1E827D636FA003B92B0 /* HeroHeaderUIView.swift in Sources */,
				3EF3B1F927D682CF003B92B0 /* TitleTableViewCell.swift in Sources */,
				3EF3B1FB27D68508003B92B0 /* TitleViewModel.swift in Sources */,
				3E50F6B027DCFD4F00091B35 /* SearchResultViewController.swift in Sources */,
				3E50F6BA27DD2F8900091B35 /* ApiKeys.swift in Sources */,
				3E50F6B627DD132800091B35 /* TitlePreviewViewController.swift in Sources */,
				3EF3B1E627D631A3003B92B0 /* CollectionViewTableViewCell.swift in Sources */,
				3EF3B1D527D621DA003B92B0 /* UpcomingViewController.swift in Sources */,
				3EF3B1DF27D62B38003B92B0 /* UIViewController.swift in Sources */,
				3E50F6B827DD15D300091B35 /* TitlePreviewModel.swift in Sources */,
				3EF3B1EA27D63BBD003B92B0 /* HeroHeaderButton.swift in Sources */,
				3EF3B1F227D673ED003B92B0 /* TitleCollectionViewCell.swift in Sources */,
				3EF3B1EC27D65A15003B92B0 /* API.swift in Sources */,
				3EF3B1D327D621A6003B92B0 /* HomeViewController.swift in Sources */,
			);
			runOnlyForDeploymentPostprocessing = 0;
		};
/* End PBXSourcesBuildPhase section */

/* Begin PBXVariantGroup section */
		3EF3B1C827D61F56003B92B0 /* LaunchScreen.storyboard */ = {
			isa = PBXVariantGroup;
			children = (
				3EF3B1C927D61F56003B92B0 /* Base */,
			);
			name = LaunchScreen.storyboard;
			sourceTree = "<group>";
		};
/* End PBXVariantGroup section */

/* Begin XCBuildConfiguration section */
		3EF3B1CC27D61F56003B92B0 /* Debug */ = {
			isa = XCBuildConfiguration;
			buildSettings = {
				ALWAYS_SEARCH_USER_PATHS = NO;
				CLANG_ANALYZER_NONNULL = YES;
				CLANG_ANALYZER_NUMBER_OBJECT_CONVERSION = YES_AGGRESSIVE;
				CLANG_CXX_LANGUAGE_STANDARD = "gnu++17";
				CLANG_CXX_LIBRARY = "libc++";
				CLANG_ENABLE_MODULES = YES;
				CLANG_ENABLE_OBJC_ARC = YES;
				CLANG_ENABLE_OBJC_WEAK = YES;
				CLANG_WARN_BLOCK_CAPTURE_AUTORELEASING = YES;
				CLANG_WARN_BOOL_CONVERSION = YES;
				CLANG_WARN_COMMA = YES;
				CLANG_WARN_CONSTANT_CONVERSION = YES;
				CLANG_WARN_DEPRECATED_OBJC_IMPLEMENTATIONS = YES;
				CLANG_WARN_DIRECT_OBJC_ISA_USAGE = YES_ERROR;
				CLANG_WARN_DOCUMENTATION_COMMENTS = YES;
				CLANG_WARN_EMPTY_BODY = YES;
				CLANG_WARN_ENUM_CONVERSION = YES;
				CLANG_WARN_INFINITE_RECURSION = YES;
				CLANG_WARN_INT_CONVERSION = YES;
				CLANG_WARN_NON_LITERAL_NULL_CONVERSION = YES;
				CLANG_WARN_OBJC_IMPLICIT_RETAIN_SELF = YES;
				CLANG_WARN_OBJC_LITERAL_CONVERSION = YES;
				CLANG_WARN_OBJC_ROOT_CLASS = YES_ERROR;
				CLANG_WARN_QUOTED_INCLUDE_IN_FRAMEWORK_HEADER = YES;
				CLANG_WARN_RANGE_LOOP_ANALYSIS = YES;
				CLANG_WARN_STRICT_PROTOTYPES = YES;
				CLANG_WARN_SUSPICIOUS_MOVE = YES;
				CLANG_WARN_UNGUARDED_AVAILABILITY = YES_AGGRESSIVE;
				CLANG_WARN_UNREACHABLE_CODE = YES;
				CLANG_WARN__DUPLICATE_METHOD_MATCH = YES;
				COPY_PHASE_STRIP = NO;
				DEBUG_INFORMATION_FORMAT = dwarf;
				ENABLE_STRICT_OBJC_MSGSEND = YES;
				ENABLE_TESTABILITY = YES;
				GCC_C_LANGUAGE_STANDARD = gnu11;
				GCC_DYNAMIC_NO_PIC = NO;
				GCC_NO_COMMON_BLOCKS = YES;
				GCC_OPTIMIZATION_LEVEL = 0;
				GCC_PREPROCESSOR_DEFINITIONS = (
					"DEBUG=1",
					"$(inherited)",
				);
				GCC_WARN_64_TO_32_BIT_CONVERSION = YES;
				GCC_WARN_ABOUT_RETURN_TYPE = YES_ERROR;
				GCC_WARN_UNDECLARED_SELECTOR = YES;
				GCC_WARN_UNINITIALIZED_AUTOS = YES_AGGRESSIVE;
				GCC_WARN_UNUSED_FUNCTION = YES;
				GCC_WARN_UNUSED_VARIABLE = YES;
				IPHONEOS_DEPLOYMENT_TARGET = 15.2;
				MTL_ENABLE_DEBUG_INFO = INCLUDE_SOURCE;
				MTL_FAST_MATH = YES;
				ONLY_ACTIVE_ARCH = YES;
				SDKROOT = iphoneos;
				SWIFT_ACTIVE_COMPILATION_CONDITIONS = DEBUG;
				SWIFT_OPTIMIZATION_LEVEL = "-Onone";
			};
			name = Debug;
		};
		3EF3B1CD27D61F56003B92B0 /* Release */ = {
			isa = XCBuildConfiguration;
			buildSettings = {
				ALWAYS_SEARCH_USER_PATHS = NO;
				CLANG_ANALYZER_NONNULL = YES;
				CLANG_ANALYZER_NUMBER_OBJECT_CONVERSION = YES_AGGRESSIVE;
				CLANG_CXX_LANGUAGE_STANDARD = "gnu++17";
				CLANG_CXX_LIBRARY = "libc++";
				CLANG_ENABLE_MODULES = YES;
				CLANG_ENABLE_OBJC_ARC = YES;
				CLANG_ENABLE_OBJC_WEAK = YES;
				CLANG_WARN_BLOCK_CAPTURE_AUTORELEASING = YES;
				CLANG_WARN_BOOL_CONVERSION = YES;
				CLANG_WARN_COMMA = YES;
				CLANG_WARN_CONSTANT_CONVERSION = YES;
				CLANG_WARN_DEPRECATED_OBJC_IMPLEMENTATIONS = YES;
				CLANG_WARN_DIRECT_OBJC_ISA_USAGE = YES_ERROR;
				CLANG_WARN_DOCUMENTATION_COMMENTS = YES;
				CLANG_WARN_EMPTY_BODY = YES;
				CLANG_WARN_ENUM_CONVERSION = YES;
				CLANG_WARN_INFINITE_RECURSION = YES;
				CLANG_WARN_INT_CONVERSION = YES;
				CLANG_WARN_NON_LITERAL_NULL_CONVERSION = YES;
				CLANG_WARN_OBJC_IMPLICIT_RETAIN_SELF = YES;
				CLANG_WARN_OBJC_LITERAL_CONVERSION = YES;
				CLANG_WARN_OBJC_ROOT_CLASS = YES_ERROR;
				CLANG_WARN_QUOTED_INCLUDE_IN_FRAMEWORK_HEADER = YES;
				CLANG_WARN_RANGE_LOOP_ANALYSIS = YES;
				CLANG_WARN_STRICT_PROTOTYPES = YES;
				CLANG_WARN_SUSPICIOUS_MOVE = YES;
				CLANG_WARN_UNGUARDED_AVAILABILITY = YES_AGGRESSIVE;
				CLANG_WARN_UNREACHABLE_CODE = YES;
				CLANG_WARN__DUPLICATE_METHOD_MATCH = YES;
				COPY_PHASE_STRIP = NO;
				DEBUG_INFORMATION_FORMAT = "dwarf-with-dsym";
				ENABLE_NS_ASSERTIONS = NO;
				ENABLE_STRICT_OBJC_MSGSEND = YES;
				GCC_C_LANGUAGE_STANDARD = gnu11;
				GCC_NO_COMMON_BLOCKS = YES;
				GCC_WARN_64_TO_32_BIT_CONVERSION = YES;
				GCC_WARN_ABOUT_RETURN_TYPE = YES_ERROR;
				GCC_WARN_UNDECLARED_SELECTOR = YES;
				GCC_WARN_UNINITIALIZED_AUTOS = YES_AGGRESSIVE;
				GCC_WARN_UNUSED_FUNCTION = YES;
				GCC_WARN_UNUSED_VARIABLE = YES;
				IPHONEOS_DEPLOYMENT_TARGET = 15.2;
				MTL_ENABLE_DEBUG_INFO = NO;
				MTL_FAST_MATH = YES;
				SDKROOT = iphoneos;
				SWIFT_COMPILATION_MODE = wholemodule;
				SWIFT_OPTIMIZATION_LEVEL = "-O";
				VALIDATE_PRODUCT = YES;
			};
			name = Release;
		};
		3EF3B1CF27D61F56003B92B0 /* Debug */ = {
			isa = XCBuildConfiguration;
			buildSettings = {
				ASSETCATALOG_COMPILER_APPICON_NAME = AppIcon;
				ASSETCATALOG_COMPILER_GLOBAL_ACCENT_COLOR_NAME = AccentColor;
				CODE_SIGN_STYLE = Automatic;
				CURRENT_PROJECT_VERSION = 1;
				DEVELOPMENT_TEAM = 7MH8KA7J8V;
				GENERATE_INFOPLIST_FILE = YES;
				INFOPLIST_FILE = NetflixApp/Info.plist;
				INFOPLIST_KEY_UIApplicationSupportsIndirectInputEvents = YES;
				INFOPLIST_KEY_UILaunchStoryboardName = LaunchScreen;
				INFOPLIST_KEY_UISupportedInterfaceOrientations_iPad = "UIInterfaceOrientationPortrait UIInterfaceOrientationPortraitUpsideDown UIInterfaceOrientationLandscapeLeft UIInterfaceOrientationLandscapeRight";
				INFOPLIST_KEY_UISupportedInterfaceOrientations_iPhone = "UIInterfaceOrientationPortrait UIInterfaceOrientationLandscapeLeft UIInterfaceOrientationLandscapeRight";
				LD_RUNPATH_SEARCH_PATHS = (
					"$(inherited)",
					"@executable_path/Frameworks",
				);
				MARKETING_VERSION = 1.0;
				PRODUCT_BUNDLE_IDENTIFIER = tilakirill.NetflixApp;
				PRODUCT_NAME = "$(TARGET_NAME)";
				SWIFT_EMIT_LOC_STRINGS = YES;
				SWIFT_VERSION = 5.0;
				TARGETED_DEVICE_FAMILY = "1,2";
			};
			name = Debug;
		};
		3EF3B1D027D61F56003B92B0 /* Release */ = {
			isa = XCBuildConfiguration;
			buildSettings = {
				ASSETCATALOG_COMPILER_APPICON_NAME = AppIcon;
				ASSETCATALOG_COMPILER_GLOBAL_ACCENT_COLOR_NAME = AccentColor;
				CODE_SIGN_STYLE = Automatic;
				CURRENT_PROJECT_VERSION = 1;
				DEVELOPMENT_TEAM = 7MH8KA7J8V;
				GENERATE_INFOPLIST_FILE = YES;
				INFOPLIST_FILE = NetflixApp/Info.plist;
				INFOPLIST_KEY_UIApplicationSupportsIndirectInputEvents = YES;
				INFOPLIST_KEY_UILaunchStoryboardName = LaunchScreen;
				INFOPLIST_KEY_UISupportedInterfaceOrientations_iPad = "UIInterfaceOrientationPortrait UIInterfaceOrientationPortraitUpsideDown UIInterfaceOrientationLandscapeLeft UIInterfaceOrientationLandscapeRight";
				INFOPLIST_KEY_UISupportedInterfaceOrientations_iPhone = "UIInterfaceOrientationPortrait UIInterfaceOrientationLandscapeLeft UIInterfaceOrientationLandscapeRight";
				LD_RUNPATH_SEARCH_PATHS = (
					"$(inherited)",
					"@executable_path/Frameworks",
				);
				MARKETING_VERSION = 1.0;
				PRODUCT_BUNDLE_IDENTIFIER = tilakirill.NetflixApp;
				PRODUCT_NAME = "$(TARGET_NAME)";
				SWIFT_EMIT_LOC_STRINGS = YES;
				SWIFT_VERSION = 5.0;
				TARGETED_DEVICE_FAMILY = "1,2";
			};
			name = Release;
		};
/* End XCBuildConfiguration section */

/* Begin XCConfigurationList section */
		3EF3B1B527D61F52003B92B0 /* Build configuration list for PBXProject "NetflixApp" */ = {
			isa = XCConfigurationList;
			buildConfigurations = (
				3EF3B1CC27D61F56003B92B0 /* Debug */,
				3EF3B1CD27D61F56003B92B0 /* Release */,
			);
			defaultConfigurationIsVisible = 0;
			defaultConfigurationName = Release;
		};
		3EF3B1CE27D61F56003B92B0 /* Build configuration list for PBXNativeTarget "NetflixApp" */ = {
			isa = XCConfigurationList;
			buildConfigurations = (
				3EF3B1CF27D61F56003B92B0 /* Debug */,
				3EF3B1D027D61F56003B92B0 /* Release */,
			);
			defaultConfigurationIsVisible = 0;
			defaultConfigurationName = Release;
		};
/* End XCConfigurationList section */

/* Begin XCRemoteSwiftPackageReference section */
		3EF3B1DA27D62908003B92B0 /* XCRemoteSwiftPackageReference "SPSafeSymbols" */ = {
			isa = XCRemoteSwiftPackageReference;
			repositoryURL = "https://github.com/sparrowcode/SPSafeSymbols.git";
			requirement = {
				branch = main;
				kind = branch;
			};
		};
		3EF3B1F327D67500003B92B0 /* XCRemoteSwiftPackageReference "SDWebImage" */ = {
			isa = XCRemoteSwiftPackageReference;
			repositoryURL = "git@github.com:SDWebImage/SDWebImage.git";
			requirement = {
				kind = upToNextMajorVersion;
				minimumVersion = 5.0.0;
			};
		};
/* End XCRemoteSwiftPackageReference section */

/* Begin XCSwiftPackageProductDependency section */
		3EF3B1DB27D62908003B92B0 /* SPSafeSymbols */ = {
			isa = XCSwiftPackageProductDependency;
			package = 3EF3B1DA27D62908003B92B0 /* XCRemoteSwiftPackageReference "SPSafeSymbols" */;
			productName = SPSafeSymbols;
		};
		3EF3B1F427D67500003B92B0 /* SDWebImage */ = {
			isa = XCSwiftPackageProductDependency;
			package = 3EF3B1F327D67500003B92B0 /* XCRemoteSwiftPackageReference "SDWebImage" */;
			productName = SDWebImage;
		};
		3EF3B1F627D67500003B92B0 /* SDWebImageMapKit */ = {
			isa = XCSwiftPackageProductDependency;
			package = 3EF3B1F327D67500003B92B0 /* XCRemoteSwiftPackageReference "SDWebImage" */;
			productName = SDWebImageMapKit;
		};
/* End XCSwiftPackageProductDependency section */
	};
	rootObject = 3EF3B1B227D61F52003B92B0 /* Project object */;
}
